#MicroXplorer Configuration settings - do not modify
Mcu.Family=STM32L4
ProjectManager.MainLocation=Core/Src
PB13.GPIOParameters=GPIO_Label
PA6.Mode=Full_Duplex_Master
USB_DEVICE.CLASS_NAME_FS=CDC
RCC.USART1Freq_Value=48000000
RCC.CortexFreq_Value=48000000
I2C1.I2C_Speed_Mode=I2C_Fast
ProjectManager.KeepUserCode=true
Mcu.UserName=STM32L422CBTx
SPI1.VirtualType=VM_MASTER
NVIC.USB_IRQn=true\:0\:0\:false\:false\:true\:false\:true
PB10.Mode=Asynchronous
PH0-OSC_IN\ (PH0).Signal=GPIO_Input
PH0-OSC_IN\ (PH0).Locked=true
PB14.GPIO_Label=DW_EXTON
PA0.GPIO_Label=BTN
ProjectManager.functionlistsort=1-MX_GPIO_Init-GPIO-false-HAL-true,2-SystemClock_Config-RCC-false-HAL-false,3-MX_I2C1_Init-I2C1-false-HAL-true,4-MX_SPI1_Init-SPI1-false-HAL-true,5-MX_USART1_UART_Init-USART1-false-HAL-true,6-MX_USART3_UART_Init-USART3-false-HAL-true,7-MX_USB_DEVICE_Init-USB_DEVICE-false-HAL-false
PA11.Mode=Device
PB0.GPIO_Label=DW_IRQ
RCC.USART2Freq_Value=48000000
USART1.IPParameters=VirtualMode-Asynchronous
PC13.GPIO_Label=EXT_IO_2
PB13.GPIO_Label=DW_WAKEUP
PB11.Signal=USART3_RX
PB13.Signal=GPIO_Output
PA2.GPIOParameters=GPIO_Label
PinOutPanel.RotationAngle=0
RCC.MCO1PinFreq_Value=48000000
ProjectManager.StackSize=0x400
USART3.VirtualMode-Asynchronous=VM_ASYNC
RCC.I2C3Freq_Value=48000000
RCC.LPTIM1Freq_Value=48000000
Mcu.IP4=SYS
RCC.FCLKCortexFreq_Value=48000000
Mcu.IP5=USART1
I2C1.IPParameters=Timing,CustomTiming,I2C_Speed_Mode
NVIC.SVCall_IRQn=true\:0\:0\:false\:false\:true\:false\:false
Mcu.IP2=RCC
Mcu.IP3=SPI1
Mcu.IP0=I2C1
PA14\ (JTCK/SWCLK).Signal=SYS_JTCK-SWCLK
Mcu.IP1=NVIC
PA12.Signal=USB_DP
Mcu.UserConstants=
PA4.Mode=NSS_Signal_Hard_Output
Mcu.ThirdPartyNb=0
SPI1.Direction=SPI_DIRECTION_2LINES
RCC.HCLKFreq_Value=48000000
Mcu.IPNb=9
ProjectManager.PreviousToolchain=
RCC.APB2TimFreq_Value=48000000
PB6.Signal=I2C1_SCL
PB6.Mode=I2C
SPI1.CalculateBaudRate=24.0 MBits/s
Mcu.Pin6=PA2
Mcu.Pin7=PA4
Mcu.Pin8=PA5
Mcu.Pin9=PA6
RCC.AHBFreq_Value=48000000
PB13.Locked=true
Mcu.Pin0=PC13
Mcu.Pin1=PC14-OSC32_IN (PC14)
GPIO.groupedBy=Group By Peripherals
Mcu.Pin2=PH0-OSC_IN (PH0)
Mcu.Pin3=PH1-OSC_OUT (PH1)
RCC.USART3Freq_Value=48000000
Mcu.Pin4=PA0
Mcu.Pin5=PA1
ProjectManager.ProjectBuild=false
RCC.HSE_VALUE=8000000
NVIC.UsageFault_IRQn=true\:0\:0\:false\:false\:true\:false\:false
PA0.Locked=true
NVIC.DebugMonitor_IRQn=true\:0\:0\:false\:false\:true\:false\:false
PB2.Signal=GPIO_Input
PA4.Locked=true
NVIC.SysTick_IRQn=true\:0\:0\:false\:false\:true\:false\:true
PB12.GPIO_Label=DW_RST
ProjectManager.FirmwarePackage=STM32Cube FW_L4 V1.15.1
MxDb.Version=DB.5.0.60
PB0.GPIOParameters=GPIO_Label
PA1.GPIOParameters=GPIO_Label
ProjectManager.BackupPrevious=false
RCC.VCOInputFreq_Value=16000000
PB1.GPIO_Label=EXT_IO_1
File.Version=6
PB7.Signal=I2C1_SDA
RCC.PLLRCLKFreq_Value=80000000
SPI1.VirtualNSS=VM_NSSHARD
PB6.Locked=true
NVIC.PendSV_IRQn=true\:0\:0\:false\:false\:true\:false\:false
PA13\ (JTMS/SWDIO).Locked=true
ProjectManager.HalAssertFull=false
PB0.Locked=true
RCC.CRSFreq_Value=48000000
ProjectManager.ProjectName=cubemx
PA0.Signal=GPIO_Input
Mcu.Package=LQFP48
PB1.Signal=GPIO_Input
PA6.Signal=SPI1_MISO
PA7.Locked=true
PA5.Locked=true
ProjectManager.ToolChainLocation=
PA2.GPIO_Label=LED_SYNC
PA14\ (JTCK/SWCLK).Locked=true
RCC.LSI_VALUE=32000
VP_SYS_VS_Systick.Signal=SYS_VS_Systick
RCC.LSCOPinFreq_Value=32000
USART3.IPParameters=VirtualMode-Asynchronous
PA10.Signal=USART1_RX
VP_USB_DEVICE_VS_USB_DEVICE_CDC_FS.Signal=USB_DEVICE_VS_USB_DEVICE_CDC_FS
PB14.GPIOParameters=GPIO_Label
PC14-OSC32_IN\ (PC14).Locked=true
RCC.APB1TimFreq_Value=48000000
NVIC.BusFault_IRQn=true\:0\:0\:false\:false\:true\:false\:false
RCC.LPUART1Freq_Value=48000000
I2C1.CustomTiming=Disabled
ProjectManager.CustomerFirmwarePackage=
RCC.MSIClockRange=RCC_MSIRANGE_11
RCC.HSI48_VALUE=48000000
PA5.Mode=Full_Duplex_Master
PH1-OSC_OUT\ (PH1).GPIO_Label=LED_MODE
PA2.Locked=true
RCC.MSI_VALUE=48000000
RCC.PLLSourceVirtual=RCC_PLLSOURCE_HSI
RCC.PLLQoutputFreq_Value=80000000
ProjectManager.ProjectFileName=cubemx.ioc
PA7.Mode=Full_Duplex_Master
Mcu.PinsNb=29
PA10.Mode=Asynchronous
ProjectManager.NoMain=true
SPI1.IPParameters=VirtualType,Mode,Direction,CalculateBaudRate,VirtualNSS
USB_DEVICE.VirtualModeFS=Cdc_FS
PC13.Locked=true
PC13.Signal=GPIO_Input
ProjectManager.DefaultFWLocation=true
PB12.Locked=true
ProjectManager.DeletePrevious=true
PB14.Locked=true
PB10.Locked=true
USB_DEVICE.IPParameters=VirtualMode,VirtualModeFS,CLASS_NAME_FS
RCC.FamilyName=M
PH1-OSC_OUT\ (PH1).Signal=GPIO_Output
PC14-OSC32_IN\ (PC14).GPIO_Label=EXT_IO_3
USART1.VirtualMode-Asynchronous=VM_ASYNC
PA9.Mode=Asynchronous
PH1-OSC_OUT\ (PH1).GPIOParameters=GPIO_Label
PB11.Mode=Asynchronous
ProjectManager.TargetToolchain=Makefile
VP_USB_DEVICE_VS_USB_DEVICE_CDC_FS.Mode=CDC_FS
PB2.GPIOParameters=GPIO_Label
PA9.Signal=USART1_TX
I2C1.Timing=0x2010091A
RCC.USBFreq_Value=48000000
RCC.LSE_VALUE=32768
PA1.Signal=GPIO_Output
PB1.Locked=true
PB10.Signal=USART3_TX
PB14.Signal=GPIO_Output
PA5.Signal=SPI1_SCK
PH1-OSC_OUT\ (PH1).Locked=true
board=custom
RCC.VCOOutputFreq_Value=160000000
ProjectManager.LastFirmware=true
RCC.APB2Freq_Value=48000000
MxCube.Version=5.6.1
RCC.I2C1Freq_Value=48000000
SPI1.Mode=SPI_MODE_MASTER
PC13.GPIOParameters=GPIO_Label
RCC.RNGFreq_Value=48000000
RCC.ADCFreq_Value=48000000
PA1.GPIO_Label=LED_RANGING
VP_SYS_VS_Systick.Mode=SysTick
PA9.Locked=true
NVIC.NonMaskableInt_IRQn=true\:0\:0\:false\:false\:true\:false\:false
ProjectManager.FreePins=false
RCC.IPParameters=ADCFreq_Value,AHBFreq_Value,APB1Freq_Value,APB1TimFreq_Value,APB2Freq_Value,APB2TimFreq_Value,CRSFreq_Value,CortexFreq_Value,FCLKCortexFreq_Value,FamilyName,HCLKFreq_Value,HSE_VALUE,HSI48_VALUE,HSI_VALUE,I2C1Freq_Value,I2C2Freq_Value,I2C3Freq_Value,LPTIM1Freq_Value,LPTIM2Freq_Value,LPUART1Freq_Value,LSCOPinFreq_Value,LSE_VALUE,LSI_VALUE,MCO1PinFreq_Value,MSIClockRange,MSI_VALUE,PLLN,PLLQoutputFreq_Value,PLLRCLKFreq_Value,PLLSourceVirtual,PWRFreq_Value,RNGFreq_Value,SYSCLKFreq_VALUE,USART1Freq_Value,USART2Freq_Value,USART3Freq_Value,USBFreq_Value,VCOInputFreq_Value,VCOOutputFreq_Value
ProjectManager.AskForMigrate=true
Mcu.Name=STM32L422CBTx
RCC.LPTIM2Freq_Value=48000000
Mcu.Pin26=PB7
Mcu.Pin27=VP_SYS_VS_Systick
Mcu.Pin24=PA14 (JTCK/SWCLK)
PA2.Signal=GPIO_Output
ProjectManager.UnderRoot=false
Mcu.Pin25=PB6
PB2.Locked=true
Mcu.IP8=USB_DEVICE
Mcu.Pin28=VP_USB_DEVICE_VS_USB_DEVICE_CDC_FS
Mcu.IP6=USART3
Mcu.IP7=USB
ProjectManager.CoupleFile=true
PA4.Signal=SPI1_NSS
RCC.SYSCLKFreq_VALUE=48000000
Mcu.Pin22=PA12
Mcu.Pin23=PA13 (JTMS/SWDIO)
PA1.Locked=true
Mcu.Pin20=PA10
Mcu.Pin21=PA11
PA12.Mode=Device
PA10.Locked=true
NVIC.ForceEnableDMAVector=true
KeepUserPlacement=false
PC14-OSC32_IN\ (PC14).Signal=GPIO_Input
NVIC.MemoryManagement_IRQn=true\:0\:0\:false\:false\:true\:false\:false
ProjectManager.CompilerOptimize=6
PB7.Mode=I2C
PA11.Signal=USB_DM
PB2.GPIO_Label=EXT_IO_0
ProjectManager.HeapSize=0x200
PA0.GPIOParameters=GPIO_Label
Mcu.Pin15=PB11
NVIC.HardFault_IRQn=true\:0\:0\:false\:false\:true\:false\:false
Mcu.Pin16=PB12
Mcu.Pin13=PB2
Mcu.Pin14=PB10
Mcu.Pin19=PA9
ProjectManager.ComputerToolchain=false
Mcu.Pin17=PB13
RCC.HSI_VALUE=16000000
Mcu.Pin18=PB14
PC14-OSC32_IN\ (PC14).GPIOParameters=GPIO_Label
NVIC.PriorityGroup=NVIC_PRIORITYGROUP_4
PH0-OSC_IN\ (PH0).GPIO_Label=LPS25H_INT
Mcu.Pin11=PB0
Mcu.Pin12=PB1
RCC.PLLN=10
Mcu.Pin10=PA7
PB7.Locked=true
RCC.PWRFreq_Value=48000000
RCC.I2C2Freq_Value=48000000
RCC.APB1Freq_Value=48000000
PB0.Signal=GPIO_Input
USB_DEVICE.VirtualMode=Cdc
PB11.Locked=true
ProjectManager.DeviceId=STM32L422CBTx
PB12.GPIOParameters=GPIO_Label
PB12.Signal=GPIO_Output
ProjectManager.LibraryCopy=0
PA13\ (JTMS/SWDIO).Signal=SYS_JTMS-SWDIO
PB1.GPIOParameters=GPIO_Label
PA7.Signal=SPI1_MOSI
PH0-OSC_IN\ (PH0).GPIOParameters=GPIO_Label
PA6.Locked=true
